{
  "name": "artificialmuseum.com",
  "version": "0.0.1",
  "lockfileVersion": 1,
  "requires": true,
  "dependencies": {
    "@grundstein/commons": {
      "version": "github:grundstein/commons#d78184d44fc6b8e730658d96ec65b9b9dba8ca24",
      "from": "github:grundstein/commons",
      "dev": true,
      "requires": {
        "@magic/cli": "0.0.31",
        "@magic/error": "0.0.8",
        "@magic/fs": "0.0.10",
        "@magic/log": "0.1.8",
        "@magic/types": "0.1.14"
      }
    },
    "@grundstein/gss": {
      "version": "github:grundstein/gss#c05161fad3d4168f97852d298929aefdc5b176ed",
      "from": "github:grundstein/gss",
      "dev": true,
      "requires": {
        "@grundstein/commons": "github:grundstein/commons",
        "@magic/cli": "0.0.31",
        "@magic/fs": "0.0.10",
        "@magic/mime-types": "0.0.6"
      }
    },
    "@magic/cases": {
      "version": "0.0.4",
      "resolved": "https://registry.npmjs.org/@magic/cases/-/cases-0.0.4.tgz",
      "integrity": "sha512-2qxGo9DUKGZPBkRDhRVmC4AFm6k39x/3qj0wLE4zeRD0xbmk3H3q9w8ZgtMOU9Q5SNqSGG1e28UHGh8k8dvo4Q==",
      "dev": true
    },
    "@magic/cli": {
      "version": "0.0.31",
      "resolved": "https://registry.npmjs.org/@magic/cli/-/cli-0.0.31.tgz",
      "integrity": "sha512-pnnvKn/KoVRA8T52dpVXpPRlhsoKzFZTLAv03n/UhXSw2WOrNeGLwwTFmIXn98KCUdJ1LjAS7uYvj7nm2W1b5g==",
      "dev": true,
      "requires": {
        "@magic/cases": "0.0.4",
        "@magic/log": "0.1.8",
        "@magic/types": "0.1.14"
      }
    },
    "@magic/deep": {
      "version": "0.1.5",
      "resolved": "https://registry.npmjs.org/@magic/deep/-/deep-0.1.5.tgz",
      "integrity": "sha512-003qo2eww3iPB6uXFaWaHvhvj7IheuWwTmEEHDGenZhI3m4R534TEPvXNj6E7C0Ns4dGeUiTIKeRZ5Z8LSBzgA==",
      "dev": true,
      "requires": {
        "@magic/types": "0.1.14"
      }
    },
    "@magic/error": {
      "version": "0.0.8",
      "resolved": "https://registry.npmjs.org/@magic/error/-/error-0.0.8.tgz",
      "integrity": "sha512-0h5O4EUjAd4LjYpdijROtu4I/P9CAaXANaO+hhLCWVfr7W8ttuD/2ZYH6RoKpP7ge5Hrkmlid368qMC8BiR6Ow==",
      "dev": true,
      "requires": {
        "@magic/types": "0.1.14"
      }
    },
    "@magic/fs": {
      "version": "0.0.10",
      "resolved": "https://registry.npmjs.org/@magic/fs/-/fs-0.0.10.tgz",
      "integrity": "sha512-I4XfaavSmRGeueJ1pukNurroGrDz+ik6ZTOGxc00z6mlu8+vWkuWlyxQhqJ5ggH+zqRGR289BUDguKXH9GqJ6w==",
      "dev": true,
      "requires": {
        "@magic/deep": "0.1.5",
        "@magic/error": "0.0.8",
        "@magic/mime-types": "0.0.6",
        "@magic/types": "0.1.14"
      }
    },
    "@magic/log": {
      "version": "0.1.8",
      "resolved": "https://registry.npmjs.org/@magic/log/-/log-0.1.8.tgz",
      "integrity": "sha512-JIsFGgybUCzZwTqjLacejsD3NBQUkXgKAAKD52I/NGvGIMGtcDUQe3ceBOUzVpp+vIQZDcJLILCUj7+7P3bAnw==",
      "dev": true,
      "requires": {
        "@magic/types": "0.1.14"
      }
    },
    "@magic/mime-types": {
      "version": "0.0.6",
      "resolved": "https://registry.npmjs.org/@magic/mime-types/-/mime-types-0.0.6.tgz",
      "integrity": "sha512-Fk7tDErDN/m5TLvipbH7LSQRj3+TTIB22l5Tz6ANXsWY0UQZht0y+PzxvqmewESpfnBA/SBIILnLMJTosMjFOw==",
      "dev": true
    },
    "@magic/types": {
      "version": "0.1.14",
      "resolved": "https://registry.npmjs.org/@magic/types/-/types-0.1.14.tgz",
      "integrity": "sha512-M//n2j8fDOFOsSvz+EAFVWp701CQ+5crN5u5lzyAkOtp1OeEg7pYbNaHu1CxkOfsXBaNlepYvHNLAjTIbK4qvQ==",
      "dev": true
    }
  }
}
